
Microsoft Visual Studio Solution File, Format Version 12.00
# Visual Studio Version 16
VisualStudioVersion = 16.0.29326.143
MinimumVisualStudioVersion = 10.0.40219.1
Project("{FAE04EC0-301F-11D3-BF4B-00C04F79EFBC}") = "OdevDongulerApp", "OdevDongulerApp\OdevDongulerApp.csproj", "{06AECAB9-0CE5-49BC-AF09-6AF00D6D43C5}"
EndProject
Global
	GlobalSection(SolutionConfigurationPlatforms) = preSolution
		Debug|Any CPU = Debug|Any CPU
		Release|Any CPU = Release|Any CPU
	EndGlobalSection
	GlobalSection(ProjectConfigurationPlatforms) = postSolution
		{06AECAB9-0CE5-49BC-AF09-6AF00D6D43C5}.Debug|Any CPU.ActiveCfg = Debug|Any CPU
		{06AECAB9-0CE5-49BC-AF09-6AF00D6D43C5}.Debug|Any CPU.Build.0 = Debug|Any CPU
		{06AECAB9-0CE5-49BC-AF09-6AF00D6D43C5}.Release|Any CPU.ActiveCfg = Release|Any CPU
		{06AECAB9-0CE5-49BC-AF09-6AF00D6D43C5}.Release|Any CPU.Build.0 = Release|Any CPU
	EndGlobalSection
	GlobalSection(SolutionProperties) = preSolution
		HideSolutionNode = FALSE
	EndGlobalSection
	GlobalSection(ExtensibilityGlobals) = postSolution
		SolutionGuid = {C2BC1444-69D6-4EF5-B733-D7874315599E}
	EndGlobalSection
EndGlobal
